// !$*UTF8*$!
{
	archiveVersion = 1;
	classes = {
	};
	objectVersion = 46;
	objects = {

/* Begin PBXBuildFile section */
		2C69307D1A993700007EAF0D /* AppDelegate.swift in Sources */ = {isa = PBXBuildFile; fileRef = 2C69307C1A993700007EAF0D /* AppDelegate.swift */; };
		2C6930801A993700007EAF0D /* HeartWatch.xcdatamodeld in Sources */ = {isa = PBXBuildFile; fileRef = 2C69307E1A993700007EAF0D /* HeartWatch.xcdatamodeld */; };
		2C6930821A993700007EAF0D /* ViewController.swift in Sources */ = {isa = PBXBuildFile; fileRef = 2C6930811A993700007EAF0D /* ViewController.swift */; };
		2C6930851A993700007EAF0D /* Main.storyboard in Resources */ = {isa = PBXBuildFile; fileRef = 2C6930831A993700007EAF0D /* Main.storyboard */; };
		2C6930871A993700007EAF0D /* Images.xcassets in Resources */ = {isa = PBXBuildFile; fileRef = 2C6930861A993700007EAF0D /* Images.xcassets */; };
		2C69308A1A993700007EAF0D /* LaunchScreen.xib in Resources */ = {isa = PBXBuildFile; fileRef = 2C6930881A993700007EAF0D /* LaunchScreen.xib */; };
		2C6930961A993700007EAF0D /* HeartWatchTests.swift in Sources */ = {isa = PBXBuildFile; fileRef = 2C6930951A993700007EAF0D /* HeartWatchTests.swift */; };
		2C6930A01A993AE7007EAF0D /* beatingHeart.jpeg in Resources */ = {isa = PBXBuildFile; fileRef = 2C69309F1A993AE7007EAF0D /* beatingHeart.jpeg */; };
		2C6930A41A9944CC007EAF0D /* input2.swift in Sources */ = {isa = PBXBuildFile; fileRef = 2C6930A31A9944CC007EAF0D /* input2.swift */; };
		349DB7A91A9991B100A6C553 /* calculate.swift in Sources */ = {isa = PBXBuildFile; fileRef = 349DB7A81A9991B100A6C553 /* calculate.swift */; };
/* End PBXBuildFile section */

/* Begin PBXContainerItemProxy section */
		2C6930901A993700007EAF0D /* PBXContainerItemProxy */ = {
			isa = PBXContainerItemProxy;
			containerPortal = 2C69306F1A993700007EAF0D /* Project object */;
			proxyType = 1;
			remoteGlobalIDString = 2C6930761A993700007EAF0D;
			remoteInfo = HeartWatch;
		};
/* End PBXContainerItemProxy section */

/* Begin PBXFileReference section */
		2C6930771A993700007EAF0D /* HeartWatch.app */ = {isa = PBXFileReference; explicitFileType = wrapper.application; includeInIndex = 0; path = HeartWatch.app; sourceTree = BUILT_PRODUCTS_DIR; };
		2C69307B1A993700007EAF0D /* Info.plist */ = {isa = PBXFileReference; lastKnownFileType = text.plist.xml; path = Info.plist; sourceTree = "<group>"; };
		2C69307C1A993700007EAF0D /* AppDelegate.swift */ = {isa = PBXFileReference; lastKnownFileType = sourcecode.swift; path = AppDelegate.swift; sourceTree = "<group>"; };
		2C69307F1A993700007EAF0D /* HeartWatch.xcdatamodel */ = {isa = PBXFileReference; lastKnownFileType = wrapper.xcdatamodel; path = HeartWatch.xcdatamodel; sourceTree = "<group>"; };
		2C6930811A993700007EAF0D /* ViewController.swift */ = {isa = PBXFileReference; lastKnownFileType = sourcecode.swift; path = ViewController.swift; sourceTree = "<group>"; };
		2C6930841A993700007EAF0D /* Base */ = {isa = PBXFileReference; lastKnownFileType = file.storyboard; name = Base; path = Base.lproj/Main.storyboard; sourceTree = "<group>"; };
		2C6930861A993700007EAF0D /* Images.xcassets */ = {isa = PBXFileReference; lastKnownFileType = folder.assetcatalog; path = Images.xcassets; sourceTree = "<group>"; };
		2C6930891A993700007EAF0D /* Base */ = {isa = PBXFileReference; lastKnownFileType = file.xib; name = Base; path = Base.lproj/LaunchScreen.xib; sourceTree = "<group>"; };
		2C69308F1A993700007EAF0D /* HeartWatchTests.xctest */ = {isa = PBXFileReference; explicitFileType = wrapper.cfbundle; includeInIndex = 0; path = HeartWatchTests.xctest; sourceTree = BUILT_PRODUCTS_DIR; };
		2C6930941A993700007EAF0D /* Info.plist */ = {isa = PBXFileReference; lastKnownFileType = text.plist.xml; path = Info.plist; sourceTree = "<group>"; };
		2C6930951A993700007EAF0D /* HeartWatchTests.swift */ = {isa = PBXFileReference; lastKnownFileType = sourcecode.swift; path = HeartWatchTests.swift; sourceTree = "<group>"; };
		2C69309F1A993AE7007EAF0D /* beatingHeart.jpeg */ = {isa = PBXFileReference; lastKnownFileType = image.jpeg; path = beatingHeart.jpeg; sourceTree = "<group>"; };
		2C6930A31A9944CC007EAF0D /* input2.swift */ = {isa = PBXFileReference; fileEncoding = 4; lastKnownFileType = sourcecode.swift; path = input2.swift; sourceTree = "<group>"; };
		349DB7A81A9991B100A6C553 /* calculate.swift */ = {isa = PBXFileReference; fileEncoding = 4; lastKnownFileType = sourcecode.swift; path = calculate.swift; sourceTree = "<group>"; };
/* End PBXFileReference section */

/* Begin PBXFrameworksBuildPhase section */
		2C6930741A993700007EAF0D /* Frameworks */ = {
			isa = PBXFrameworksBuildPhase;
			buildActionMask = 2147483647;
			files = (
			);
			runOnlyForDeploymentPostprocessing = 0;
		};
		2C69308C1A993700007EAF0D /* Frameworks */ = {
			isa = PBXFrameworksBuildPhase;
			buildActionMask = 2147483647;
			files = (
			);
			runOnlyForDeploymentPostprocessing = 0;
		};
/* End PBXFrameworksBuildPhase section */

/* Begin PBXGroup section */
		2C69306E1A993700007EAF0D = {
			isa = PBXGroup;
			children = (
				2C6930791A993700007EAF0D /* HeartWatch */,
				2C6930921A993700007EAF0D /* HeartWatchTests */,
				2C6930781A993700007EAF0D /* Products */,
			);
			sourceTree = "<group>";
		};
		2C6930781A993700007EAF0D /* Products */ = {
			isa = PBXGroup;
			children = (
				2C6930771A993700007EAF0D /* HeartWatch.app */,
				2C69308F1A993700007EAF0D /* HeartWatchTests.xctest */,
			);
			name = Products;
			sourceTree = "<group>";
		};
		2C6930791A993700007EAF0D /* HeartWatch */ = {
			isa = PBXGroup;
			children = (
				2C69307C1A993700007EAF0D /* AppDelegate.swift */,
				2C6930811A993700007EAF0D /* ViewController.swift */,
				2C6930831A993700007EAF0D /* Main.storyboard */,
				2C6930A31A9944CC007EAF0D /* input2.swift */,
				349DB7A81A9991B100A6C553 /* calculate.swift */,
				2C6930861A993700007EAF0D /* Images.xcassets */,
				2C6930881A993700007EAF0D /* LaunchScreen.xib */,
				2C69307E1A993700007EAF0D /* HeartWatch.xcdatamodeld */,
				2C69307A1A993700007EAF0D /* Supporting Files */,
			);
			path = HeartWatch;
			sourceTree = "<group>";
		};
		2C69307A1A993700007EAF0D /* Supporting Files */ = {
			isa = PBXGroup;
			children = (
				2C69309F1A993AE7007EAF0D /* beatingHeart.jpeg */,
				2C69307B1A993700007EAF0D /* Info.plist */,
			);
			name = "Supporting Files";
			sourceTree = "<group>";
		};
		2C6930921A993700007EAF0D /* HeartWatchTests */ = {
			isa = PBXGroup;
			children = (
				2C6930951A993700007EAF0D /* HeartWatchTests.swift */,
				2C6930931A993700007EAF0D /* Supporting Files */,
			);
			path = HeartWatchTests;
			sourceTree = "<group>";
		};
		2C6930931A993700007EAF0D /* Supporting Files */ = {
			isa = PBXGroup;
			children = (
				2C6930941A993700007EAF0D /* Info.plist */,
			);
			name = "Supporting Files";
			sourceTree = "<group>";
		};
/* End PBXGroup section */

/* Begin PBXNativeTarget section */
		2C6930761A993700007EAF0D /* HeartWatch */ = {
			isa = PBXNativeTarget;
			buildConfigurationList = 2C6930991A993700007EAF0D /* Build configuration list for PBXNativeTarget "HeartWatch" */;
			buildPhases = (
				2C6930731A993700007EAF0D /* Sources */,
				2C6930741A993700007EAF0D /* Frameworks */,
				2C6930751A993700007EAF0D /* Resources */,
			);
			buildRules = (
			);
			dependencies = (
			);
			name = HeartWatch;
			productName = HeartWatch;
			productReference = 2C6930771A993700007EAF0D /* HeartWatch.app */;
			productType = "com.apple.product-type.application";
		};
		2C69308E1A993700007EAF0D /* HeartWatchTests */ = {
			isa = PBXNativeTarget;
			buildConfigurationList = 2C69309C1A993700007EAF0D /* Build configuration list for PBXNativeTarget "HeartWatchTests" */;
			buildPhases = (
				2C69308B1A993700007EAF0D /* Sources */,
				2C69308C1A993700007EAF0D /* Frameworks */,
				2C69308D1A993700007EAF0D /* Resources */,
			);
			buildRules = (
			);
			dependencies = (
				2C6930911A993700007EAF0D /* PBXTargetDependency */,
			);
			name = HeartWatchTests;
			productName = HeartWatchTests;
			productReference = 2C69308F1A993700007EAF0D /* HeartWatchTests.xctest */;
			productType = "com.apple.product-type.bundle.unit-test";
		};
/* End PBXNativeTarget section */

/* Begin PBXProject section */
		2C69306F1A993700007EAF0D /* Project object */ = {
			isa = PBXProject;
			attributes = {
				LastUpgradeCheck = 0610;
				ORGANIZATIONNAME = "Cliff Weitzman";
				TargetAttributes = {
					2C6930761A993700007EAF0D = {
						CreatedOnToolsVersion = 6.1.1;
					};
					2C69308E1A993700007EAF0D = {
						CreatedOnToolsVersion = 6.1.1;
						TestTargetID = 2C6930761A993700007EAF0D;
					};
				};
			};
			buildConfigurationList = 2C6930721A993700007EAF0D /* Build configuration list for PBXProject "HeartWatch" */;
			compatibilityVersion = "Xcode 3.2";
			developmentRegion = English;
			hasScannedForEncodings = 0;
			knownRegions = (
				en,
				Base,
			);
			mainGroup = 2C69306E1A993700007EAF0D;
			productRefGroup = 2C6930781A993700007EAF0D /* Products */;
			projectDirPath = "";
			projectRoot = "";
			targets = (
				2C6930761A993700007EAF0D /* HeartWatch */,
				2C69308E1A993700007EAF0D /* HeartWatchTests */,
			);
		};
/* End PBXProject section */

/* Begin PBXResourcesBuildPhase section */
		2C6930751A993700007EAF0D /* Resources */ = {
			isa = PBXResourcesBuildPhase;
			buildActionMask = 2147483647;
			files = (
				2C6930851A993700007EAF0D /* Main.storyboard in Resources */,
				2C69308A1A993700007EAF0D /* LaunchScreen.xib in Resources */,
				2C6930871A993700007EAF0D /* Images.xcassets in Resources */,
				2C6930A01A993AE7007EAF0D /* beatingHeart.jpeg in Resources */,
			);
			runOnlyForDeploymentPostprocessing = 0;
		};
		2C69308D1A993700007EAF0D /* Resources */ = {
			isa = PBXResourcesBuildPhase;
			buildActionMask = 2147483647;
			files = (
			);
			runOnlyForDeploymentPostprocessing = 0;
		};
/* End PBXResourcesBuildPhase section */

/* Begin PBXSourcesBuildPhase section */
		2C6930731A993700007EAF0D /* Sources */ = {
			isa = PBXSourcesBuildPhase;
			buildActionMask = 2147483647;
			files = (
				2C6930A41A9944CC007EAF0D /* input2.swift in Sources */,
				349DB7A91A9991B100A6C553 /* calculate.swift in Sources */,
				2C6930821A993700007EAF0D /* ViewController.swift in Sources */,
				2C6930801A993700007EAF0D /* HeartWatch.xcdatamodeld in Sources */,
				2C69307D1A993700007EAF0D /* AppDelegate.swift in Sources */,
			);
			runOnlyForDeploymentPostprocessing = 0;
		};
		2C69308B1A993700007EAF0D /* Sources */ = {
			isa = PBXSourcesBuildPhase;
			buildActionMask = 2147483647;
			files = (
				2C6930961A993700007EAF0D /* HeartWatchTests.swift in Sources */,
			);
			runOnlyForDeploymentPostprocessing = 0;
		};
/* End PBXSourcesBuildPhase section */

/* Begin PBXTargetDependency section */
		2C6930911A993700007EAF0D /* PBXTargetDependency */ = {
			isa = PBXTargetDependency;
			target = 2C6930761A993700007EAF0D /* HeartWatch */;
			targetProxy = 2C6930901A993700007EAF0D /* PBXContainerItemProxy */;
		};
/* End PBXTargetDependency section */

/* Begin PBXVariantGroup section */
		2C6930831A993700007EAF0D /* Main.storyboard */ = {
			isa = PBXVariantGroup;
			children = (
				2C6930841A993700007EAF0D /* Base */,
			);
			name = Main.storyboard;
			sourceTree = "<group>";
		};
		2C6930881A993700007EAF0D /* LaunchScreen.xib */ = {
			isa = PBXVariantGroup;
			children = (
				2C6930891A993700007EAF0D /* Base */,
			);
			name = LaunchScreen.xib;
			sourceTree = "<group>";
		};
/* End PBXVariantGroup section */

/* Begin XCBuildConfiguration section */
		2C6930971A993700007EAF0D /* Debug */ = {
			isa = XCBuildConfiguration;
			buildSettings = {
				ALWAYS_SEARCH_USER_PATHS = NO;
				CLANG_CXX_LANGUAGE_STANDARD = "gnu++0x";
				CLANG_CXX_LIBRARY = "libc++";
				CLANG_ENABLE_MODULES = YES;
				CLANG_ENABLE_OBJC_ARC = YES;
				CLANG_WARN_BOOL_CONVERSION = YES;
				CLANG_WARN_CONSTANT_CONVERSION = YES;
				CLANG_WARN_DIRECT_OBJC_ISA_USAGE = YES_ERROR;
				CLANG_WARN_EMPTY_BODY = YES;
				CLANG_WARN_ENUM_CONVERSION = YES;
				CLANG_WARN_INT_CONVERSION = YES;
				CLANG_WARN_OBJC_ROOT_CLASS = YES_ERROR;
				CLANG_WARN_UNREACHABLE_CODE = YES;
				CLANG_WARN__DUPLICATE_METHOD_MATCH = YES;
				"CODE_SIGN_IDENTITY[sdk=iphoneos*]" = "iPhone Developer";
				COPY_PHASE_STRIP = NO;
				ENABLE_STRICT_OBJC_MSGSEND = YES;
				GCC_C_LANGUAGE_STANDARD = gnu99;
				GCC_DYNAMIC_NO_PIC = NO;
				GCC_OPTIMIZATION_LEVEL = 0;
				GCC_PREPROCESSOR_DEFINITIONS = (
					"DEBUG=1",
					"$(inherited)",
				);
				GCC_SYMBOLS_PRIVATE_EXTERN = NO;
				GCC_WARN_64_TO_32_BIT_CONVERSION = YES;
				GCC_WARN_ABOUT_RETURN_TYPE = YES_ERROR;
				GCC_WARN_UNDECLARED_SELECTOR = YES;
				GCC_WARN_UNINITIALIZED_AUTOS = YES_AGGRESSIVE;
				GCC_WARN_UNUSED_FUNCTION = YES;
				GCC_WARN_UNUSED_VARIABLE = YES;
				IPHONEOS_DEPLOYMENT_TARGET = 8.1;
				MTL_ENABLE_DEBUG_INFO = YES;
				ONLY_ACTIVE_ARCH = YES;
				SDKROOT = iphoneos;
				SWIFT_OPTIMIZATION_LEVEL = "-Onone";
			};
			name = Debug;
		};
		2C6930981A993700007EAF0D /* Release */ = {
			isa = XCBuildConfiguration;
			buildSettings = {
				ALWAYS_SEARCH_USER_PATHS = NO;
				CLANG_CXX_LANGUAGE_STANDARD = "gnu++0x";
				CLANG_CXX_LIBRARY = "libc++";
				CLANG_ENABLE_MODULES = YES;
				CLANG_ENABLE_OBJC_ARC = YES;
				CLANG_WARN_BOOL_CONVERSION = YES;
				CLANG_WARN_CONSTANT_CONVERSION = YES;
				CLANG_WARN_DIRECT_OBJC_ISA_USAGE = YES_ERROR;
				CLANG_WARN_EMPTY_BODY = YES;
				CLANG_WARN_ENUM_CONVERSION = YES;
				CLANG_WARN_INT_CONVERSION = YES;
				CLANG_WARN_OBJC_ROOT_CLASS = YES_ERROR;
				CLANG_WARN_UNREACHABLE_CODE = YES;
				CLANG_WARN__DUPLICATE_METHOD_MATCH = YES;
				"CODE_SIGN_IDENTITY[sdk=iphoneos*]" = "iPhone Developer";
				COPY_PHASE_STRIP = YES;
				ENABLE_NS_ASSERTIONS = NO;
				ENABLE_STRICT_OBJC_MSGSEND = YES;
				GCC_C_LANGUAGE_STANDARD = gnu99;
				GCC_WARN_64_TO_32_BIT_CONVERSION = YES;
				GCC_WARN_ABOUT_RETURN_TYPE = YES_ERROR;
				GCC_WARN_UNDECLARED_SELECTOR = YES;
				GCC_WARN_UNINITIALIZED_AUTOS = YES_AGGRESSIVE;
				GCC_WARN_UNUSED_FUNCTION = YES;
				GCC_WARN_UNUSED_VARIABLE = YES;
				IPHONEOS_DEPLOYMENT_TARGET = 8.1;
				MTL_ENABLE_DEBUG_INFO = NO;
				SDKROOT = iphoneos;
				VALIDATE_PRODUCT = YES;
			};
			name = Release;
		};
		2C69309A1A993700007EAF0D /* Debug */ = {
			isa = XCBuildConfiguration;
			buildSettings = {
				ASSETCATALOG_COMPILER_APPICON_NAME = AppIcon;
				INFOPLIST_FILE = HeartWatch/Info.plist;
				LD_RUNPATH_SEARCH_PATHS = "$(inherited) @executable_path/Frameworks";
				PRODUCT_NAME = "$(TARGET_NAME)";
			};
			name = Debug;
		};
		2C69309B1A993700007EAF0D /* Release */ = {
			isa = XCBuildConfiguration;
			buildSettings = {
				ASSETCATALOG_COMPILER_APPICON_NAME = AppIcon;
				INFOPLIST_FILE = HeartWatch/Info.plist;
				LD_RUNPATH_SEARCH_PATHS = "$(inherited) @executable_path/Frameworks";
				PRODUCT_NAME = "$(TARGET_NAME)";
			};
			name = Release;
		};
		2C69309D1A993700007EAF0D /* Debug */ = {
			isa = XCBuildConfiguration;
			buildSettings = {
				BUNDLE_LOADER = "$(TEST_HOST)";
				FRAMEWORK_SEARCH_PATHS = (
					"$(SDKROOT)/Developer/Library/Frameworks",
					"$(inherited)",
				);
				GCC_PREPROCESSOR_DEFINITIONS = (
					"DEBUG=1",
					"$(inherited)",
				);
				INFOPLIST_FILE = HeartWatchTests/Info.plist;
				LD_RUNPATH_SEARCH_PATHS = "$(inherited) @executable_path/Frameworks @loader_path/Frameworks";
				PRODUCT_NAME = "$(TARGET_NAME)";
				TEST_HOST = "$(BUILT_PRODUCTS_DIR)/HeartWatch.app/HeartWatch";
			};
			name = Debug;
		};
		2C69309E1A993700007EAF0D /* Release */ = {
			isa = XCBuildConfiguration;
			buildSettings = {
				BUNDLE_LOADER = "$(TEST_HOST)";
				FRAMEWORK_SEARCH_PATHS = (
					"$(SDKROOT)/Developer/Library/Frameworks",
					"$(inherited)",
				);
				INFOPLIST_FILE = HeartWatchTests/Info.plist;
				LD_RUNPATH_SEARCH_PATHS = "$(inherited) @executable_path/Frameworks @loader_path/Frameworks";
				PRODUCT_NAME = "$(TARGET_NAME)";
				TEST_HOST = "$(BUILT_PRODUCTS_DIR)/HeartWatch.app/HeartWatch";
			};
			name = Release;
		};
/* End XCBuildConfiguration section */

/* Begin XCConfigurationList section */
		2C6930721A993700007EAF0D /* Build configuration list for PBXProject "HeartWatch" */ = {
			isa = XCConfigurationList;
			buildConfigurations = (
				2C6930971A993700007EAF0D /* Debug */,
				2C6930981A993700007EAF0D /* Release */,
			);
			defaultConfigurationIsVisible = 0;
			defaultConfigurationName = Release;
		};
		2C6930991A993700007EAF0D /* Build configuration list for PBXNativeTarget "HeartWatch" */ = {
			isa = XCConfigurationList;
			buildConfigurations = (
				2C69309A1A993700007EAF0D /* Debug */,
				2C69309B1A993700007EAF0D /* Release */,
			);
			defaultConfigurationIsVisible = 0;
			defaultConfigurationName = Release;
		};
		2C69309C1A993700007EAF0D /* Build configuration list for PBXNativeTarget "HeartWatchTests" */ = {
			isa = XCConfigurationList;
			buildConfigurations = (
				2C69309D1A993700007EAF0D /* Debug */,
				2C69309E1A993700007EAF0D /* Release */,
			);
			defaultConfigurationIsVisible = 0;
			defaultConfigurationName = Release;
		};
/* End XCConfigurationList section */

/* Begin XCVersionGroup section */
		2C69307E1A993700007EAF0D /* HeartWatch.xcdatamodeld */ = {
			isa = XCVersionGroup;
			children = (
				2C69307F1A993700007EAF0D /* HeartWatch.xcdatamodel */,
			);
			currentVersion = 2C69307F1A993700007EAF0D /* HeartWatch.xcdatamodel */;
			path = HeartWatch.xcdatamodeld;
			sourceTree = "<group>";
			versionGroupType = wrapper.xcdatamodel;
		};
/* End XCVersionGroup section */
	};
	rootObject = 2C69306F1A993700007EAF0D /* Project object */;
}
